
Microsoft Visual Studio Solution File, Format Version 12.00
# Visual Studio Version 17
VisualStudioVersion = 17.7.34031.279
MinimumVisualStudioVersion = 10.0.40219.1
Project("{FAE04EC0-301F-11D3-BF4B-00C04F79EFBC}") = "JWTTokenLogin", "JWTTokenLogin\JWTTokenLogin.csproj", "{53155FF0-844D-428F-AC6A-234D07B42F79}"
EndProject
Global
	GlobalSection(SolutionConfigurationPlatforms) = preSolution
		Debug|Any CPU = Debug|Any CPU
		Release|Any CPU = Release|Any CPU
	EndGlobalSection
	GlobalSection(ProjectConfigurationPlatforms) = postSolution
		{53155FF0-844D-428F-AC6A-234D07B42F79}.Debug|Any CPU.ActiveCfg = Debug|Any CPU
		{53155FF0-844D-428F-AC6A-234D07B42F79}.Debug|Any CPU.Build.0 = Debug|Any CPU
		{53155FF0-844D-428F-AC6A-234D07B42F79}.Release|Any CPU.ActiveCfg = Release|Any CPU
		{53155FF0-844D-428F-AC6A-234D07B42F79}.Release|Any CPU.Build.0 = Release|Any CPU
	EndGlobalSection
	GlobalSection(SolutionProperties) = preSolution
		HideSolutionNode = FALSE
	EndGlobalSection
	GlobalSection(ExtensibilityGlobals) = postSolution
		SolutionGuid = {A7B342E5-AB31-460E-99BE-B346BE5BD10E}
	EndGlobalSection
EndGlobal
